
Microsoft Visual Studio Solution File, Format Version 12.00
# Visual Studio 15
VisualStudioVersion = 15.0.27130.2027
MinimumVisualStudioVersion = 10.0.40219.1
Project("{8BC9CEB8-8B4A-11D0-8D11-00A0C91BC942}") = "XsensDeviceAPI MTix and MTmk4 Src Example", "src_example_mtix.vcxproj", "{8BFF1125-985B-40FE-8DCE-6C7780948FF6}"
EndProject
Global
	GlobalSection(SolutionConfigurationPlatforms) = preSolution
		Debug|Win32 = Debug|Win32
		Debug|x64 = Debug|x64
		Release|Win32 = Release|Win32
		Release|x64 = Release|x64
	EndGlobalSection
	GlobalSection(ProjectConfigurationPlatforms) = postSolution
		{8BFF1125-985B-40FE-8DCE-6C7780948FF6}.Debug|Win32.ActiveCfg = Debug|Win32
		{8BFF1125-985B-40FE-8DCE-6C7780948FF6}.Debug|Win32.Build.0 = Debug|Win32
		{8BFF1125-985B-40FE-8DCE-6C7780948FF6}.Debug|x64.ActiveCfg = Debug|x64
		{8BFF1125-985B-40FE-8DCE-6C7780948FF6}.Debug|x64.Build.0 = Debug|x64
		{8BFF1125-985B-40FE-8DCE-6C7780948FF6}.Release|Win32.ActiveCfg = Release|Win32
		{8BFF1125-985B-40FE-8DCE-6C7780948FF6}.Release|Win32.Build.0 = Release|Win32
		{8BFF1125-985B-40FE-8DCE-6C7780948FF6}.Release|x64.ActiveCfg = Release|x64
		{8BFF1125-985B-40FE-8DCE-6C7780948FF6}.Release|x64.Build.0 = Release|x64
	EndGlobalSection
	GlobalSection(SolutionProperties) = preSolution
		HideSolutionNode = FALSE
	EndGlobalSection
	GlobalSection(ExtensibilityGlobals) = postSolution
		SolutionGuid = {B263C609-62BE-450E-A68E-EB063EAB5066}
	EndGlobalSection
EndGlobal
